
Microsoft Visual Studio Solution File, Format Version 12.00
# Visual Studio 14
VisualStudioVersion = 14.0.25123.0
MinimumVisualStudioVersion = 10.0.40219.1
Project("{FAE04EC0-301F-11D3-BF4B-00C04F79EFBC}") = "Delayware", "Delayware\Delayware.csproj", "{2C04325F-0CAF-4CF7-BB30-DFCD2228518A}"
EndProject
Project("{2150E333-8FDC-42A3-9474-1A3956D46DE8}") = "Tests", "Tests", "{91AB5503-746B-47D6-8591-4E9B4E4C68B7}"
EndProject
Project("{FAE04EC0-301F-11D3-BF4B-00C04F79EFBC}") = "Delayware.UnitTests", "Tests\Delayware.UnitTests\Delayware.UnitTests.csproj", "{2577F3A6-9D0C-441E-B706-1D6A62C70EC7}"
EndProject
Project("{2150E333-8FDC-42A3-9474-1A3956D46DE8}") = "Solution Items", "Solution Items", "{3AA54121-B358-4E45-B886-19D8A43F7E3E}"
	ProjectSection(SolutionItems) = preProject
		.gitattributes = .gitattributes
		.gitignore = .gitignore
	EndProjectSection
EndProject
Global
	GlobalSection(SolutionConfigurationPlatforms) = preSolution
		Debug|Any CPU = Debug|Any CPU
		Release|Any CPU = Release|Any CPU
	EndGlobalSection
	GlobalSection(ProjectConfigurationPlatforms) = postSolution
		{2C04325F-0CAF-4CF7-BB30-DFCD2228518A}.Debug|Any CPU.ActiveCfg = Debug|Any CPU
		{2C04325F-0CAF-4CF7-BB30-DFCD2228518A}.Debug|Any CPU.Build.0 = Debug|Any CPU
		{2C04325F-0CAF-4CF7-BB30-DFCD2228518A}.Release|Any CPU.ActiveCfg = Release|Any CPU
		{2C04325F-0CAF-4CF7-BB30-DFCD2228518A}.Release|Any CPU.Build.0 = Release|Any CPU
		{2577F3A6-9D0C-441E-B706-1D6A62C70EC7}.Debug|Any CPU.ActiveCfg = Debug|Any CPU
		{2577F3A6-9D0C-441E-B706-1D6A62C70EC7}.Debug|Any CPU.Build.0 = Debug|Any CPU
		{2577F3A6-9D0C-441E-B706-1D6A62C70EC7}.Release|Any CPU.ActiveCfg = Release|Any CPU
		{2577F3A6-9D0C-441E-B706-1D6A62C70EC7}.Release|Any CPU.Build.0 = Release|Any CPU
	EndGlobalSection
	GlobalSection(SolutionProperties) = preSolution
		HideSolutionNode = FALSE
	EndGlobalSection
	GlobalSection(NestedProjects) = preSolution
		{2577F3A6-9D0C-441E-B706-1D6A62C70EC7} = {91AB5503-746B-47D6-8591-4E9B4E4C68B7}
	EndGlobalSection
EndGlobal
